
Microsoft Visual Studio Solution File, Format Version 12.00
# Visual Studio Version 17
VisualStudioVersion = 17.6.33801.468
MinimumVisualStudioVersion = 10.0.40219.1
Project("{FAE04EC0-301F-11D3-BF4B-00C04F79EFBC}") = "DisableUACPlugin", "DisableUACPlugin\DisableUACPlugin.csproj", "{E40461C2-4077-47E3-A205-29F47708B429}"
EndProject
Global
	GlobalSection(SolutionConfigurationPlatforms) = preSolution
		Debug|Any CPU = Debug|Any CPU
		Release|Any CPU = Release|Any CPU
	EndGlobalSection
	GlobalSection(ProjectConfigurationPlatforms) = postSolution
		{E40461C2-4077-47E3-A205-29F47708B429}.Debug|Any CPU.ActiveCfg = Debug|Any CPU
		{E40461C2-4077-47E3-A205-29F47708B429}.Debug|Any CPU.Build.0 = Debug|Any CPU
		{E40461C2-4077-47E3-A205-29F47708B429}.Release|Any CPU.ActiveCfg = Release|Any CPU
		{E40461C2-4077-47E3-A205-29F47708B429}.Release|Any CPU.Build.0 = Release|Any CPU
	EndGlobalSection
	GlobalSection(SolutionProperties) = preSolution
		HideSolutionNode = FALSE
	EndGlobalSection
	GlobalSection(ExtensibilityGlobals) = postSolution
		SolutionGuid = {A985D169-099C-4011-9045-1B761A294F3E}
	EndGlobalSection
EndGlobal
